
Microsoft Visual Studio Solution File, Format Version 12.00
Project("{FAE04EC0-301F-11D3-BF4B-00C04F79EFBC}") = "Session4", "Session4\Session4.csproj", "{56097FE0-35AE-4B8B-8739-BB2085990BAF}"
EndProject
Global
	GlobalSection(SolutionConfigurationPlatforms) = preSolution
		Debug|Any CPU = Debug|Any CPU
		Release|Any CPU = Release|Any CPU
	EndGlobalSection
	GlobalSection(ProjectConfigurationPlatforms) = postSolution
		{56097FE0-35AE-4B8B-8739-BB2085990BAF}.Debug|Any CPU.ActiveCfg = Debug|Any CPU
		{56097FE0-35AE-4B8B-8739-BB2085990BAF}.Debug|Any CPU.Build.0 = Debug|Any CPU
		{56097FE0-35AE-4B8B-8739-BB2085990BAF}.Release|Any CPU.ActiveCfg = Release|Any CPU
		{56097FE0-35AE-4B8B-8739-BB2085990BAF}.Release|Any CPU.Build.0 = Release|Any CPU
	EndGlobalSection
EndGlobal
